
Microsoft Visual Studio Solution File, Format Version 12.00
Project("{2150E333-8FDC-42A3-9474-1A3956D46DE8}") = "src", "src", "{8E01096E-7A9F-4509-843B-34828BB88075}"
EndProject
Project("{2150E333-8FDC-42A3-9474-1A3956D46DE8}") = "tests", "tests", "{1C3621FC-7C9D-4195-B4BA-8F1E5DE56610}"
EndProject
Project("{FAE04EC0-301F-11D3-BF4B-00C04F79EFBC}") = "AutoQuote.Core", "AutoQuote.Core\AutoQuote.Core.csproj", "{D1E0B559-C6B8-4EAF-B28C-BC5BB86D8BE9}"
EndProject
Project("{FAE04EC0-301F-11D3-BF4B-00C04F79EFBC}") = "AutoQuote.Test", "..\..\tests\AutoQuote.Test\AutoQuote.Test.csproj", "{207F21E1-0386-4249-B77A-5F847FA03E91}"
EndProject
Project("{FAE04EC0-301F-11D3-BF4B-00C04F79EFBC}") = "AutoQuote.Infra", "AutoQuote.Infra\AutoQuote.Infra.csproj", "{4DA4275E-4B1A-453A-A557-DB10CAD38F99}"
EndProject
Project("{FAE04EC0-301F-11D3-BF4B-00C04F79EFBC}") = "AutoQuote.Communication", "AutoQuote.Communication\AutoQuote.Communication.csproj", "{F3D1FCB3-A7F8-4541-916B-9E0D76A236A3}"
EndProject
Project("{FAE04EC0-301F-11D3-BF4B-00C04F79EFBC}") = "AutoQuote.Exceptions", "AutoQuote.Exceptions\AutoQuote.Exceptions.csproj", "{CCA2AB19-7560-4FD1-A0DB-834DB9D6E2AD}"
EndProject
Project("{FAE04EC0-301F-11D3-BF4B-00C04F79EFBC}") = "AutoQuote.Api", "AutoQuote.Api\AutoQuote.Api.csproj", "{BBFD6315-148A-4586-8523-88EE42DEC648}"
EndProject
Project("{FAE04EC0-301F-11D3-BF4B-00C04F79EFBC}") = "AutoQuote.Application", "AutoQuote.Application\AutoQuote.Application.csproj", "{77C424BF-4933-4D55-A365-0E4BC40FF244}"
EndProject
Global
	GlobalSection(SolutionConfigurationPlatforms) = preSolution
		Debug|Any CPU = Debug|Any CPU
		Release|Any CPU = Release|Any CPU
	EndGlobalSection
	GlobalSection(NestedProjects) = preSolution
		{D1E0B559-C6B8-4EAF-B28C-BC5BB86D8BE9} = {8E01096E-7A9F-4509-843B-34828BB88075}
		{207F21E1-0386-4249-B77A-5F847FA03E91} = {1C3621FC-7C9D-4195-B4BA-8F1E5DE56610}
		{4DA4275E-4B1A-453A-A557-DB10CAD38F99} = {8E01096E-7A9F-4509-843B-34828BB88075}
		{F3D1FCB3-A7F8-4541-916B-9E0D76A236A3} = {8E01096E-7A9F-4509-843B-34828BB88075}
		{CCA2AB19-7560-4FD1-A0DB-834DB9D6E2AD} = {8E01096E-7A9F-4509-843B-34828BB88075}
		{BBFD6315-148A-4586-8523-88EE42DEC648} = {8E01096E-7A9F-4509-843B-34828BB88075}
		{77C424BF-4933-4D55-A365-0E4BC40FF244} = {8E01096E-7A9F-4509-843B-34828BB88075}
	EndGlobalSection
	GlobalSection(ProjectConfigurationPlatforms) = postSolution
		{D1E0B559-C6B8-4EAF-B28C-BC5BB86D8BE9}.Debug|Any CPU.ActiveCfg = Debug|Any CPU
		{D1E0B559-C6B8-4EAF-B28C-BC5BB86D8BE9}.Debug|Any CPU.Build.0 = Debug|Any CPU
		{D1E0B559-C6B8-4EAF-B28C-BC5BB86D8BE9}.Release|Any CPU.ActiveCfg = Release|Any CPU
		{D1E0B559-C6B8-4EAF-B28C-BC5BB86D8BE9}.Release|Any CPU.Build.0 = Release|Any CPU
		{207F21E1-0386-4249-B77A-5F847FA03E91}.Debug|Any CPU.ActiveCfg = Debug|Any CPU
		{207F21E1-0386-4249-B77A-5F847FA03E91}.Debug|Any CPU.Build.0 = Debug|Any CPU
		{207F21E1-0386-4249-B77A-5F847FA03E91}.Release|Any CPU.ActiveCfg = Release|Any CPU
		{207F21E1-0386-4249-B77A-5F847FA03E91}.Release|Any CPU.Build.0 = Release|Any CPU
		{4DA4275E-4B1A-453A-A557-DB10CAD38F99}.Debug|Any CPU.ActiveCfg = Debug|Any CPU
		{4DA4275E-4B1A-453A-A557-DB10CAD38F99}.Debug|Any CPU.Build.0 = Debug|Any CPU
		{4DA4275E-4B1A-453A-A557-DB10CAD38F99}.Release|Any CPU.ActiveCfg = Release|Any CPU
		{4DA4275E-4B1A-453A-A557-DB10CAD38F99}.Release|Any CPU.Build.0 = Release|Any CPU
		{F3D1FCB3-A7F8-4541-916B-9E0D76A236A3}.Debug|Any CPU.ActiveCfg = Debug|Any CPU
		{F3D1FCB3-A7F8-4541-916B-9E0D76A236A3}.Debug|Any CPU.Build.0 = Debug|Any CPU
		{F3D1FCB3-A7F8-4541-916B-9E0D76A236A3}.Release|Any CPU.ActiveCfg = Release|Any CPU
		{F3D1FCB3-A7F8-4541-916B-9E0D76A236A3}.Release|Any CPU.Build.0 = Release|Any CPU
		{CCA2AB19-7560-4FD1-A0DB-834DB9D6E2AD}.Debug|Any CPU.ActiveCfg = Debug|Any CPU
		{CCA2AB19-7560-4FD1-A0DB-834DB9D6E2AD}.Debug|Any CPU.Build.0 = Debug|Any CPU
		{CCA2AB19-7560-4FD1-A0DB-834DB9D6E2AD}.Release|Any CPU.ActiveCfg = Release|Any CPU
		{CCA2AB19-7560-4FD1-A0DB-834DB9D6E2AD}.Release|Any CPU.Build.0 = Release|Any CPU
		{BBFD6315-148A-4586-8523-88EE42DEC648}.Debug|Any CPU.ActiveCfg = Debug|Any CPU
		{BBFD6315-148A-4586-8523-88EE42DEC648}.Debug|Any CPU.Build.0 = Debug|Any CPU
		{BBFD6315-148A-4586-8523-88EE42DEC648}.Release|Any CPU.ActiveCfg = Release|Any CPU
		{BBFD6315-148A-4586-8523-88EE42DEC648}.Release|Any CPU.Build.0 = Release|Any CPU
		{77C424BF-4933-4D55-A365-0E4BC40FF244}.Debug|Any CPU.ActiveCfg = Debug|Any CPU
		{77C424BF-4933-4D55-A365-0E4BC40FF244}.Debug|Any CPU.Build.0 = Debug|Any CPU
		{77C424BF-4933-4D55-A365-0E4BC40FF244}.Release|Any CPU.ActiveCfg = Release|Any CPU
		{77C424BF-4933-4D55-A365-0E4BC40FF244}.Release|Any CPU.Build.0 = Release|Any CPU
	EndGlobalSection
EndGlobal
